
Microsoft Visual Studio Solution File, Format Version 12.00
# Visual Studio 15
VisualStudioVersion = 15.0.26124.0
MinimumVisualStudioVersion = 15.0.26124.0
Project("{FAE04EC0-301F-11D3-BF4B-00C04F79EFBC}") = "KnstEventBus", "KnstEventBus\KnstEventBus.csproj", "{B1FB3728-3CD1-4532-8355-176F567D1067}"
EndProject
Project("{FAE04EC0-301F-11D3-BF4B-00C04F79EFBC}") = "Toys", "Toys\Toys.csproj", "{7AEF0C12-F1AB-4690-BF0E-30ACA78A9665}"
EndProject
Project("{FAE04EC0-301F-11D3-BF4B-00C04F79EFBC}") = "KnstEventBus.RabbitMQ", "KnstEventBus.RabbitMQ\KnstEventBus.RabbitMQ.csproj", "{9D7380AA-8C25-4467-A08B-92C21723B3DE}"
EndProject
Project("{FAE04EC0-301F-11D3-BF4B-00C04F79EFBC}") = "KnstEventBus.GooglePubSub", "KnstEventBus.GooglePubSub\KnstEventBus.GooglePubSub.csproj", "{03A934EB-1A2C-45BA-981C-1E08552FADAB}"
EndProject
Project("{FAE04EC0-301F-11D3-BF4B-00C04F79EFBC}") = "KnstAsyncApi", "KnstAsyncApi\KnstAsyncApi.csproj", "{AD640B8F-1C98-4D46-981C-1AF88AC64F95}"
EndProject
Global
	GlobalSection(SolutionConfigurationPlatforms) = preSolution
		Debug|Any CPU = Debug|Any CPU
		Debug|x64 = Debug|x64
		Debug|x86 = Debug|x86
		Release|Any CPU = Release|Any CPU
		Release|x64 = Release|x64
		Release|x86 = Release|x86
	EndGlobalSection
	GlobalSection(SolutionProperties) = preSolution
		HideSolutionNode = FALSE
	EndGlobalSection
	GlobalSection(ProjectConfigurationPlatforms) = postSolution
		{B1FB3728-3CD1-4532-8355-176F567D1067}.Debug|Any CPU.ActiveCfg = Debug|Any CPU
		{B1FB3728-3CD1-4532-8355-176F567D1067}.Debug|Any CPU.Build.0 = Debug|Any CPU
		{B1FB3728-3CD1-4532-8355-176F567D1067}.Debug|x64.ActiveCfg = Debug|Any CPU
		{B1FB3728-3CD1-4532-8355-176F567D1067}.Debug|x64.Build.0 = Debug|Any CPU
		{B1FB3728-3CD1-4532-8355-176F567D1067}.Debug|x86.ActiveCfg = Debug|Any CPU
		{B1FB3728-3CD1-4532-8355-176F567D1067}.Debug|x86.Build.0 = Debug|Any CPU
		{B1FB3728-3CD1-4532-8355-176F567D1067}.Release|Any CPU.ActiveCfg = Release|Any CPU
		{B1FB3728-3CD1-4532-8355-176F567D1067}.Release|Any CPU.Build.0 = Release|Any CPU
		{B1FB3728-3CD1-4532-8355-176F567D1067}.Release|x64.ActiveCfg = Release|Any CPU
		{B1FB3728-3CD1-4532-8355-176F567D1067}.Release|x64.Build.0 = Release|Any CPU
		{B1FB3728-3CD1-4532-8355-176F567D1067}.Release|x86.ActiveCfg = Release|Any CPU
		{B1FB3728-3CD1-4532-8355-176F567D1067}.Release|x86.Build.0 = Release|Any CPU
		{7AEF0C12-F1AB-4690-BF0E-30ACA78A9665}.Debug|Any CPU.ActiveCfg = Debug|Any CPU
		{7AEF0C12-F1AB-4690-BF0E-30ACA78A9665}.Debug|Any CPU.Build.0 = Debug|Any CPU
		{7AEF0C12-F1AB-4690-BF0E-30ACA78A9665}.Debug|x64.ActiveCfg = Debug|Any CPU
		{7AEF0C12-F1AB-4690-BF0E-30ACA78A9665}.Debug|x64.Build.0 = Debug|Any CPU
		{7AEF0C12-F1AB-4690-BF0E-30ACA78A9665}.Debug|x86.ActiveCfg = Debug|Any CPU
		{7AEF0C12-F1AB-4690-BF0E-30ACA78A9665}.Debug|x86.Build.0 = Debug|Any CPU
		{7AEF0C12-F1AB-4690-BF0E-30ACA78A9665}.Release|Any CPU.ActiveCfg = Release|Any CPU
		{7AEF0C12-F1AB-4690-BF0E-30ACA78A9665}.Release|Any CPU.Build.0 = Release|Any CPU
		{7AEF0C12-F1AB-4690-BF0E-30ACA78A9665}.Release|x64.ActiveCfg = Release|Any CPU
		{7AEF0C12-F1AB-4690-BF0E-30ACA78A9665}.Release|x64.Build.0 = Release|Any CPU
		{7AEF0C12-F1AB-4690-BF0E-30ACA78A9665}.Release|x86.ActiveCfg = Release|Any CPU
		{7AEF0C12-F1AB-4690-BF0E-30ACA78A9665}.Release|x86.Build.0 = Release|Any CPU
		{9D7380AA-8C25-4467-A08B-92C21723B3DE}.Debug|Any CPU.ActiveCfg = Debug|Any CPU
		{9D7380AA-8C25-4467-A08B-92C21723B3DE}.Debug|Any CPU.Build.0 = Debug|Any CPU
		{9D7380AA-8C25-4467-A08B-92C21723B3DE}.Debug|x64.ActiveCfg = Debug|Any CPU
		{9D7380AA-8C25-4467-A08B-92C21723B3DE}.Debug|x64.Build.0 = Debug|Any CPU
		{9D7380AA-8C25-4467-A08B-92C21723B3DE}.Debug|x86.ActiveCfg = Debug|Any CPU
		{9D7380AA-8C25-4467-A08B-92C21723B3DE}.Debug|x86.Build.0 = Debug|Any CPU
		{9D7380AA-8C25-4467-A08B-92C21723B3DE}.Release|Any CPU.ActiveCfg = Release|Any CPU
		{9D7380AA-8C25-4467-A08B-92C21723B3DE}.Release|Any CPU.Build.0 = Release|Any CPU
		{9D7380AA-8C25-4467-A08B-92C21723B3DE}.Release|x64.ActiveCfg = Release|Any CPU
		{9D7380AA-8C25-4467-A08B-92C21723B3DE}.Release|x64.Build.0 = Release|Any CPU
		{9D7380AA-8C25-4467-A08B-92C21723B3DE}.Release|x86.ActiveCfg = Release|Any CPU
		{9D7380AA-8C25-4467-A08B-92C21723B3DE}.Release|x86.Build.0 = Release|Any CPU
		{03A934EB-1A2C-45BA-981C-1E08552FADAB}.Debug|Any CPU.ActiveCfg = Debug|Any CPU
		{03A934EB-1A2C-45BA-981C-1E08552FADAB}.Debug|Any CPU.Build.0 = Debug|Any CPU
		{03A934EB-1A2C-45BA-981C-1E08552FADAB}.Debug|x64.ActiveCfg = Debug|Any CPU
		{03A934EB-1A2C-45BA-981C-1E08552FADAB}.Debug|x64.Build.0 = Debug|Any CPU
		{03A934EB-1A2C-45BA-981C-1E08552FADAB}.Debug|x86.ActiveCfg = Debug|Any CPU
		{03A934EB-1A2C-45BA-981C-1E08552FADAB}.Debug|x86.Build.0 = Debug|Any CPU
		{03A934EB-1A2C-45BA-981C-1E08552FADAB}.Release|Any CPU.ActiveCfg = Release|Any CPU
		{03A934EB-1A2C-45BA-981C-1E08552FADAB}.Release|Any CPU.Build.0 = Release|Any CPU
		{03A934EB-1A2C-45BA-981C-1E08552FADAB}.Release|x64.ActiveCfg = Release|Any CPU
		{03A934EB-1A2C-45BA-981C-1E08552FADAB}.Release|x64.Build.0 = Release|Any CPU
		{03A934EB-1A2C-45BA-981C-1E08552FADAB}.Release|x86.ActiveCfg = Release|Any CPU
		{03A934EB-1A2C-45BA-981C-1E08552FADAB}.Release|x86.Build.0 = Release|Any CPU
		{AD640B8F-1C98-4D46-981C-1AF88AC64F95}.Debug|Any CPU.ActiveCfg = Debug|Any CPU
		{AD640B8F-1C98-4D46-981C-1AF88AC64F95}.Debug|Any CPU.Build.0 = Debug|Any CPU
		{AD640B8F-1C98-4D46-981C-1AF88AC64F95}.Debug|x64.ActiveCfg = Debug|Any CPU
		{AD640B8F-1C98-4D46-981C-1AF88AC64F95}.Debug|x64.Build.0 = Debug|Any CPU
		{AD640B8F-1C98-4D46-981C-1AF88AC64F95}.Debug|x86.ActiveCfg = Debug|Any CPU
		{AD640B8F-1C98-4D46-981C-1AF88AC64F95}.Debug|x86.Build.0 = Debug|Any CPU
		{AD640B8F-1C98-4D46-981C-1AF88AC64F95}.Release|Any CPU.ActiveCfg = Release|Any CPU
		{AD640B8F-1C98-4D46-981C-1AF88AC64F95}.Release|Any CPU.Build.0 = Release|Any CPU
		{AD640B8F-1C98-4D46-981C-1AF88AC64F95}.Release|x64.ActiveCfg = Release|Any CPU
		{AD640B8F-1C98-4D46-981C-1AF88AC64F95}.Release|x64.Build.0 = Release|Any CPU
		{AD640B8F-1C98-4D46-981C-1AF88AC64F95}.Release|x86.ActiveCfg = Release|Any CPU
		{AD640B8F-1C98-4D46-981C-1AF88AC64F95}.Release|x86.Build.0 = Release|Any CPU
	EndGlobalSection
EndGlobal
