
Microsoft Visual Studio Solution File, Format Version 12.00
# Visual Studio Version 16
VisualStudioVersion = 16.0.30011.22
MinimumVisualStudioVersion = 15.0.26124.0
Project("{9A19103F-16F7-4668-BE54-9A1E7A4F7556}") = "KnstEventBus", "KnstEventBus\KnstEventBus.csproj", "{B1FB3728-3CD1-4532-8355-176F567D1067}"
EndProject
Project("{9A19103F-16F7-4668-BE54-9A1E7A4F7556}") = "Toys", "Toys\Toys.csproj", "{7AEF0C12-F1AB-4690-BF0E-30ACA78A9665}"
EndProject
Project("{9A19103F-16F7-4668-BE54-9A1E7A4F7556}") = "KnstAsyncApi", "KnstAsyncApi\KnstAsyncApi.csproj", "{AD640B8F-1C98-4D46-981C-1AF88AC64F95}"
EndProject
Project("{9A19103F-16F7-4668-BE54-9A1E7A4F7556}") = "KnstAsyncApiUI", "KnstAsyncApiUI\KnstAsyncApiUI.csproj", "{4EB7E689-38FC-4384-AA75-68F16E660D54}"
EndProject
Global
	GlobalSection(SolutionConfigurationPlatforms) = preSolution
		Debug|Any CPU = Debug|Any CPU
		Debug|x64 = Debug|x64
		Debug|x86 = Debug|x86
		Release|Any CPU = Release|Any CPU
		Release|x64 = Release|x64
		Release|x86 = Release|x86
	EndGlobalSection
	GlobalSection(ProjectConfigurationPlatforms) = postSolution
		{B1FB3728-3CD1-4532-8355-176F567D1067}.Debug|Any CPU.ActiveCfg = Debug|Any CPU
		{B1FB3728-3CD1-4532-8355-176F567D1067}.Debug|Any CPU.Build.0 = Debug|Any CPU
		{B1FB3728-3CD1-4532-8355-176F567D1067}.Debug|x64.ActiveCfg = Debug|Any CPU
		{B1FB3728-3CD1-4532-8355-176F567D1067}.Debug|x64.Build.0 = Debug|Any CPU
		{B1FB3728-3CD1-4532-8355-176F567D1067}.Debug|x86.ActiveCfg = Debug|Any CPU
		{B1FB3728-3CD1-4532-8355-176F567D1067}.Debug|x86.Build.0 = Debug|Any CPU
		{B1FB3728-3CD1-4532-8355-176F567D1067}.Release|Any CPU.ActiveCfg = Release|Any CPU
		{B1FB3728-3CD1-4532-8355-176F567D1067}.Release|Any CPU.Build.0 = Release|Any CPU
		{B1FB3728-3CD1-4532-8355-176F567D1067}.Release|x64.ActiveCfg = Release|Any CPU
		{B1FB3728-3CD1-4532-8355-176F567D1067}.Release|x64.Build.0 = Release|Any CPU
		{B1FB3728-3CD1-4532-8355-176F567D1067}.Release|x86.ActiveCfg = Release|Any CPU
		{B1FB3728-3CD1-4532-8355-176F567D1067}.Release|x86.Build.0 = Release|Any CPU
		{7AEF0C12-F1AB-4690-BF0E-30ACA78A9665}.Debug|Any CPU.ActiveCfg = Debug|Any CPU
		{7AEF0C12-F1AB-4690-BF0E-30ACA78A9665}.Debug|Any CPU.Build.0 = Debug|Any CPU
		{7AEF0C12-F1AB-4690-BF0E-30ACA78A9665}.Debug|x64.ActiveCfg = Debug|Any CPU
		{7AEF0C12-F1AB-4690-BF0E-30ACA78A9665}.Debug|x64.Build.0 = Debug|Any CPU
		{7AEF0C12-F1AB-4690-BF0E-30ACA78A9665}.Debug|x86.ActiveCfg = Debug|Any CPU
		{7AEF0C12-F1AB-4690-BF0E-30ACA78A9665}.Debug|x86.Build.0 = Debug|Any CPU
		{7AEF0C12-F1AB-4690-BF0E-30ACA78A9665}.Release|Any CPU.ActiveCfg = Release|Any CPU
		{7AEF0C12-F1AB-4690-BF0E-30ACA78A9665}.Release|Any CPU.Build.0 = Release|Any CPU
		{7AEF0C12-F1AB-4690-BF0E-30ACA78A9665}.Release|x64.ActiveCfg = Release|Any CPU
		{7AEF0C12-F1AB-4690-BF0E-30ACA78A9665}.Release|x64.Build.0 = Release|Any CPU
		{7AEF0C12-F1AB-4690-BF0E-30ACA78A9665}.Release|x86.ActiveCfg = Release|Any CPU
		{7AEF0C12-F1AB-4690-BF0E-30ACA78A9665}.Release|x86.Build.0 = Release|Any CPU
		{AD640B8F-1C98-4D46-981C-1AF88AC64F95}.Debug|Any CPU.ActiveCfg = Debug|Any CPU
		{AD640B8F-1C98-4D46-981C-1AF88AC64F95}.Debug|Any CPU.Build.0 = Debug|Any CPU
		{AD640B8F-1C98-4D46-981C-1AF88AC64F95}.Debug|x64.ActiveCfg = Debug|Any CPU
		{AD640B8F-1C98-4D46-981C-1AF88AC64F95}.Debug|x64.Build.0 = Debug|Any CPU
		{AD640B8F-1C98-4D46-981C-1AF88AC64F95}.Debug|x86.ActiveCfg = Debug|Any CPU
		{AD640B8F-1C98-4D46-981C-1AF88AC64F95}.Debug|x86.Build.0 = Debug|Any CPU
		{AD640B8F-1C98-4D46-981C-1AF88AC64F95}.Release|Any CPU.ActiveCfg = Release|Any CPU
		{AD640B8F-1C98-4D46-981C-1AF88AC64F95}.Release|Any CPU.Build.0 = Release|Any CPU
		{AD640B8F-1C98-4D46-981C-1AF88AC64F95}.Release|x64.ActiveCfg = Release|Any CPU
		{AD640B8F-1C98-4D46-981C-1AF88AC64F95}.Release|x64.Build.0 = Release|Any CPU
		{AD640B8F-1C98-4D46-981C-1AF88AC64F95}.Release|x86.ActiveCfg = Release|Any CPU
		{AD640B8F-1C98-4D46-981C-1AF88AC64F95}.Release|x86.Build.0 = Release|Any CPU
		{4EB7E689-38FC-4384-AA75-68F16E660D54}.Debug|Any CPU.ActiveCfg = Debug|Any CPU
		{4EB7E689-38FC-4384-AA75-68F16E660D54}.Debug|Any CPU.Build.0 = Debug|Any CPU
		{4EB7E689-38FC-4384-AA75-68F16E660D54}.Debug|x64.ActiveCfg = Debug|Any CPU
		{4EB7E689-38FC-4384-AA75-68F16E660D54}.Debug|x64.Build.0 = Debug|Any CPU
		{4EB7E689-38FC-4384-AA75-68F16E660D54}.Debug|x86.ActiveCfg = Debug|Any CPU
		{4EB7E689-38FC-4384-AA75-68F16E660D54}.Debug|x86.Build.0 = Debug|Any CPU
		{4EB7E689-38FC-4384-AA75-68F16E660D54}.Release|Any CPU.ActiveCfg = Release|Any CPU
		{4EB7E689-38FC-4384-AA75-68F16E660D54}.Release|Any CPU.Build.0 = Release|Any CPU
		{4EB7E689-38FC-4384-AA75-68F16E660D54}.Release|x64.ActiveCfg = Release|Any CPU
		{4EB7E689-38FC-4384-AA75-68F16E660D54}.Release|x64.Build.0 = Release|Any CPU
		{4EB7E689-38FC-4384-AA75-68F16E660D54}.Release|x86.ActiveCfg = Release|Any CPU
		{4EB7E689-38FC-4384-AA75-68F16E660D54}.Release|x86.Build.0 = Release|Any CPU
	EndGlobalSection
	GlobalSection(SolutionProperties) = preSolution
		HideSolutionNode = FALSE
	EndGlobalSection
	GlobalSection(ExtensibilityGlobals) = postSolution
		SolutionGuid = {3E7EF088-0D25-499F-BD4D-4189CD4EAA71}
	EndGlobalSection
EndGlobal
